Microsoft Visual Studio Solution File, Format Version 12.00
# Visual Studio Version 17
VisualStudioVersion = 17.5.2.0
MinimumVisualStudioVersion = 10.0.40219.1
Project("{FAE04EC0-301F-11D3-BF4B-00C04F79EFBC}") = "JenkinsAgent", "JenkinsAgent.csproj", "{F529D537-6B4C-0E28-AC98-30F934DCE83E}"
EndProject
Global
	GlobalSection(SolutionConfigurationPlatforms) = preSolution
		Debug|Any CPU = Debug|Any CPU
		Release|Any CPU = Release|Any CPU
	EndGlobalSection
	GlobalSection(ProjectConfigurationPlatforms) = postSolution
		{F529D537-6B4C-0E28-AC98-30F934DCE83E}.Debug|Any CPU.ActiveCfg = Debug|Any CPU
		{F529D537-6B4C-0E28-AC98-30F934DCE83E}.Debug|Any CPU.Build.0 = Debug|Any CPU
		{F529D537-6B4C-0E28-AC98-30F934DCE83E}.Release|Any CPU.ActiveCfg = Release|Any CPU
		{F529D537-6B4C-0E28-AC98-30F934DCE83E}.Release|Any CPU.Build.0 = Release|Any CPU
	EndGlobalSection
	GlobalSection(SolutionProperties) = preSolution
		HideSolutionNode = FALSE
	EndGlobalSection
	GlobalSection(ExtensibilityGlobals) = postSolution
		SolutionGuid = {B8822597-B417-4357-B828-8F0AA38D25BD}
	EndGlobalSection
EndGlobal
